
Microsoft Visual Studio Solution File, Format Version 12.00
# Visual Studio Version 17
VisualStudioVersion = 17.0.31903.59
MinimumVisualStudioVersion = 10.0.40219.1
Project("{FAE04EC0-301F-11D3-BF4B-00C04F79EFBC}") = "Ecommerce.Infrastructure", "Ecommerce.Infrastructure\Ecommerce.Infrastructure.csproj", "{3E4B3AE6-017F-401D-ADA5-9081DED4E8C9}"
EndProject
Project("{FAE04EC0-301F-11D3-BF4B-00C04F79EFBC}") = "Ecommerce.Controller", "Ecommerce.Controller\Ecommerce.Controller.csproj", "{3851C245-0B6C-435E-8F14-521B37050E45}"
EndProject
Project("{FAE04EC0-301F-11D3-BF4B-00C04F79EFBC}") = "Ecommerce.Service", "Ecommerce.Service\Ecommerce.Service.csproj", "{B3FBEE97-4751-4B72-83B0-386F72E3BF6E}"
EndProject
Project("{FAE04EC0-301F-11D3-BF4B-00C04F79EFBC}") = "Ecommerce.Model", "Ecommerce.Model\Ecommerce.Model.csproj", "{2A433633-9C36-409B-B02D-F838B3F937AB}"
EndProject
Global
	GlobalSection(SolutionConfigurationPlatforms) = preSolution
		Debug|Any CPU = Debug|Any CPU
		Release|Any CPU = Release|Any CPU
	EndGlobalSection
	GlobalSection(SolutionProperties) = preSolution
		HideSolutionNode = FALSE
	EndGlobalSection
	GlobalSection(ProjectConfigurationPlatforms) = postSolution
		{3E4B3AE6-017F-401D-ADA5-9081DED4E8C9}.Debug|Any CPU.ActiveCfg = Debug|Any CPU
		{3E4B3AE6-017F-401D-ADA5-9081DED4E8C9}.Debug|Any CPU.Build.0 = Debug|Any CPU
		{3E4B3AE6-017F-401D-ADA5-9081DED4E8C9}.Release|Any CPU.ActiveCfg = Release|Any CPU
		{3E4B3AE6-017F-401D-ADA5-9081DED4E8C9}.Release|Any CPU.Build.0 = Release|Any CPU
		{3851C245-0B6C-435E-8F14-521B37050E45}.Debug|Any CPU.ActiveCfg = Debug|Any CPU
		{3851C245-0B6C-435E-8F14-521B37050E45}.Debug|Any CPU.Build.0 = Debug|Any CPU
		{3851C245-0B6C-435E-8F14-521B37050E45}.Release|Any CPU.ActiveCfg = Release|Any CPU
		{3851C245-0B6C-435E-8F14-521B37050E45}.Release|Any CPU.Build.0 = Release|Any CPU
		{B3FBEE97-4751-4B72-83B0-386F72E3BF6E}.Debug|Any CPU.ActiveCfg = Debug|Any CPU
		{B3FBEE97-4751-4B72-83B0-386F72E3BF6E}.Debug|Any CPU.Build.0 = Debug|Any CPU
		{B3FBEE97-4751-4B72-83B0-386F72E3BF6E}.Release|Any CPU.ActiveCfg = Release|Any CPU
		{B3FBEE97-4751-4B72-83B0-386F72E3BF6E}.Release|Any CPU.Build.0 = Release|Any CPU
		{2A433633-9C36-409B-B02D-F838B3F937AB}.Debug|Any CPU.ActiveCfg = Debug|Any CPU
		{2A433633-9C36-409B-B02D-F838B3F937AB}.Debug|Any CPU.Build.0 = Debug|Any CPU
		{2A433633-9C36-409B-B02D-F838B3F937AB}.Release|Any CPU.ActiveCfg = Release|Any CPU
		{2A433633-9C36-409B-B02D-F838B3F937AB}.Release|Any CPU.Build.0 = Release|Any CPU
	EndGlobalSection
EndGlobal
